
Microsoft Visual Studio Solution File, Format Version 12.00
# Visual Studio Version 17
VisualStudioVersion = 17.0.31903.59
MinimumVisualStudioVersion = 10.0.40219.1
Project("{2150E333-8FDC-42A3-9474-1A3956D46DE8}") = "src", "src", "{32D29DBC-B4E5-499C-B68D-F716D43A62BF}"
EndProject
Project("{FAE04EC0-301F-11D3-BF4B-00C04F79EFBC}") = "StudentManagementSystem.API", "src\StudentManagementSystem.API\StudentManagementSystem.API.csproj", "{695B42A7-0931-4101-A4C7-36AA479E55FC}"
EndProject
Project("{FAE04EC0-301F-11D3-BF4B-00C04F79EFBC}") = "StudentManagementSystem", "src\StudentManagementSystem\StudentManagementSystem.csproj", "{52BBC721-4221-416D-88DC-61F6EEB93AB3}"
EndProject
Global
	GlobalSection(SolutionConfigurationPlatforms) = preSolution
		Debug|Any CPU = Debug|Any CPU
		Release|Any CPU = Release|Any CPU
	EndGlobalSection
	GlobalSection(SolutionProperties) = preSolution
		HideSolutionNode = FALSE
	EndGlobalSection
	GlobalSection(ProjectConfigurationPlatforms) = postSolution
		{695B42A7-0931-4101-A4C7-36AA479E55FC}.Debug|Any CPU.ActiveCfg = Debug|Any CPU
		{695B42A7-0931-4101-A4C7-36AA479E55FC}.Debug|Any CPU.Build.0 = Debug|Any CPU
		{695B42A7-0931-4101-A4C7-36AA479E55FC}.Release|Any CPU.ActiveCfg = Release|Any CPU
		{695B42A7-0931-4101-A4C7-36AA479E55FC}.Release|Any CPU.Build.0 = Release|Any CPU
		{52BBC721-4221-416D-88DC-61F6EEB93AB3}.Debug|Any CPU.ActiveCfg = Debug|Any CPU
		{52BBC721-4221-416D-88DC-61F6EEB93AB3}.Debug|Any CPU.Build.0 = Debug|Any CPU
		{52BBC721-4221-416D-88DC-61F6EEB93AB3}.Release|Any CPU.ActiveCfg = Release|Any CPU
		{52BBC721-4221-416D-88DC-61F6EEB93AB3}.Release|Any CPU.Build.0 = Release|Any CPU
	EndGlobalSection
	GlobalSection(NestedProjects) = preSolution
		{695B42A7-0931-4101-A4C7-36AA479E55FC} = {32D29DBC-B4E5-499C-B68D-F716D43A62BF}
		{52BBC721-4221-416D-88DC-61F6EEB93AB3} = {32D29DBC-B4E5-499C-B68D-F716D43A62BF}
	EndGlobalSection
EndGlobal
